
Microsoft Visual Studio Solution File, Format Version 12.00
# Visual Studio Version 17
VisualStudioVersion = 17.5.33414.496
MinimumVisualStudioVersion = 10.0.40219.1
Project("{FAE04EC0-301F-11D3-BF4B-00C04F79EFBC}") = "DormLife", "DormLife\DormLife.csproj", "{8BA90E24-F9D7-4B0A-8CCC-D96EC72914B8}"
EndProject
Global
	GlobalSection(SolutionConfigurationPlatforms) = preSolution
		Debug|Any CPU = Debug|Any CPU
		Release|Any CPU = Release|Any CPU
	EndGlobalSection
	GlobalSection(ProjectConfigurationPlatforms) = postSolution
		{8BA90E24-F9D7-4B0A-8CCC-D96EC72914B8}.Debug|Any CPU.ActiveCfg = Debug|Any CPU
		{8BA90E24-F9D7-4B0A-8CCC-D96EC72914B8}.Debug|Any CPU.Build.0 = Debug|Any CPU
		{8BA90E24-F9D7-4B0A-8CCC-D96EC72914B8}.Release|Any CPU.ActiveCfg = Release|Any CPU
		{8BA90E24-F9D7-4B0A-8CCC-D96EC72914B8}.Release|Any CPU.Build.0 = Release|Any CPU
	EndGlobalSection
	GlobalSection(SolutionProperties) = preSolution
		HideSolutionNode = FALSE
	EndGlobalSection
	GlobalSection(ExtensibilityGlobals) = postSolution
		SolutionGuid = {E2C416CB-F72D-4336-903B-087212250BC2}
	EndGlobalSection
EndGlobal
